
Microsoft Visual Studio Solution File, Format Version 12.00
# Visual Studio Version 17
VisualStudioVersion = 17.8.34525.116
MinimumVisualStudioVersion = 10.0.40219.1
Project("{FAE04EC0-301F-11D3-BF4B-00C04F79EFBC}") = "MonoGameXPlat", "MonoGameXPlat\MonoGameXPlat.csproj", "{0DA37BC6-83EB-4928-927D-6A2CC0CFEE04}"
EndProject
Global
	GlobalSection(SolutionConfigurationPlatforms) = preSolution
		Debug|Any CPU = Debug|Any CPU
		Release|Any CPU = Release|Any CPU
	EndGlobalSection
	GlobalSection(ProjectConfigurationPlatforms) = postSolution
		{0DA37BC6-83EB-4928-927D-6A2CC0CFEE04}.Debug|Any CPU.ActiveCfg = Debug|Any CPU
		{0DA37BC6-83EB-4928-927D-6A2CC0CFEE04}.Debug|Any CPU.Build.0 = Debug|Any CPU
		{0DA37BC6-83EB-4928-927D-6A2CC0CFEE04}.Release|Any CPU.ActiveCfg = Release|Any CPU
		{0DA37BC6-83EB-4928-927D-6A2CC0CFEE04}.Release|Any CPU.Build.0 = Release|Any CPU
	EndGlobalSection
	GlobalSection(SolutionProperties) = preSolution
		HideSolutionNode = FALSE
	EndGlobalSection
	GlobalSection(ExtensibilityGlobals) = postSolution
		SolutionGuid = {69008CF2-FC23-4BD1-8691-1D62FBF58C21}
	EndGlobalSection
EndGlobal
